
Microsoft Visual Studio Solution File, Format Version 12.00
# Visual Studio Version 17
VisualStudioVersion = 17.13.35825.156
MinimumVisualStudioVersion = 10.0.40219.1
Project("{2150E333-8FDC-42A3-9474-1A3956D46DE8}") = "Services", "Services", "{E0CD7ED1-E0D0-42A0-95A6-BEB2E2047459}"
EndProject
Project("{2150E333-8FDC-42A3-9474-1A3956D46DE8}") = "Catalog", "Catalog", "{AFC1E579-6DC1-4600-96CA-C4B64B582B5F}"
EndProject
Project("{2150E333-8FDC-42A3-9474-1A3956D46DE8}") = "BuildingBlocks", "BuildingBlocks", "{02EA681E-C7D8-13C7-8484-4AC65E1B71E8}"
EndProject
Project("{FAE04EC0-301F-11D3-BF4B-00C04F79EFBC}") = "BuildingBlocks", "BuildingBlocks\BuildingBlocks\BuildingBlocks.csproj", "{5E889F9F-836E-4ADB-9C67-96E4675429D4}"
EndProject
Project("{E53339B2-1760-4266-BCC7-CA923CBCF16C}") = "docker-compose", "docker-compose.dcproj", "{81DDED9D-158B-E303-5F62-77A2896D2A5A}"
EndProject
Project("{2150E333-8FDC-42A3-9474-1A3956D46DE8}") = "Basket", "Basket", "{E0CDA0E6-28B0-4373-8C5A-ABF7A837D22C}"
EndProject
Project("{FAE04EC0-301F-11D3-BF4B-00C04F79EFBC}") = "Basket.API", "Services\Basket\Basket.API\Basket.API.csproj", "{6F1EB4D2-1FCF-4174-80BA-7387DBCE54A2}"
EndProject
Project("{FAE04EC0-301F-11D3-BF4B-00C04F79EFBC}") = "Catalog.API", "Services\Catalog\Catalog.API\Catalog.API.csproj", "{33FC5A32-CDDC-EE43-9CA6-483EA2BFBE99}"
EndProject
Project("{2150E333-8FDC-42A3-9474-1A3956D46DE8}") = "Discount", "Discount", "{F0FB7F6F-87AB-40B6-9B26-B95FFCF251D0}"
EndProject
Project("{FAE04EC0-301F-11D3-BF4B-00C04F79EFBC}") = "Discount.GRPC", "Services\Discount\Discount.GRPC\Discount.GRPC.csproj", "{ED41DD25-98B1-4CD1-8FD3-3E4B8FC25390}"
EndProject
Project("{2150E333-8FDC-42A3-9474-1A3956D46DE8}") = "Ordering", "Ordering", "{334E2CB2-1157-4D6E-9D77-2CAFF2635C17}"
EndProject
Project("{FAE04EC0-301F-11D3-BF4B-00C04F79EFBC}") = "Ordering.API", "Services\Ordering\Ordering.API\Ordering.API.csproj", "{B759A52D-6701-43C1-8633-D5D45D0CB30E}"
EndProject
Project("{FAE04EC0-301F-11D3-BF4B-00C04F79EFBC}") = "Ordering.Domain", "Services\Ordering\Ordering.Domain\Ordering.Domain.csproj", "{F05EF058-6F82-4615-83F8-60C2E81BC67F}"
EndProject
Project("{FAE04EC0-301F-11D3-BF4B-00C04F79EFBC}") = "Ordering.Application", "Services\Ordering\Ordering.Application\Ordering.Application.csproj", "{7D7A2974-AFDC-4690-8697-4027B51F08FC}"
EndProject
Project("{FAE04EC0-301F-11D3-BF4B-00C04F79EFBC}") = "Ordering.Infrastructure", "Services\Ordering\Ordering.Infrastructure\Ordering.Infrastructure.csproj", "{05A84D3E-91E3-40E7-9CB0-C6823ED0B7EC}"
EndProject
Global
	GlobalSection(SolutionConfigurationPlatforms) = preSolution
		Debug|Any CPU = Debug|Any CPU
		Release|Any CPU = Release|Any CPU
	EndGlobalSection
	GlobalSection(ProjectConfigurationPlatforms) = postSolution
		{5E889F9F-836E-4ADB-9C67-96E4675429D4}.Debug|Any CPU.ActiveCfg = Debug|Any CPU
		{5E889F9F-836E-4ADB-9C67-96E4675429D4}.Debug|Any CPU.Build.0 = Debug|Any CPU
		{5E889F9F-836E-4ADB-9C67-96E4675429D4}.Release|Any CPU.ActiveCfg = Release|Any CPU
		{5E889F9F-836E-4ADB-9C67-96E4675429D4}.Release|Any CPU.Build.0 = Release|Any CPU
		{81DDED9D-158B-E303-5F62-77A2896D2A5A}.Debug|Any CPU.ActiveCfg = Debug|Any CPU
		{81DDED9D-158B-E303-5F62-77A2896D2A5A}.Debug|Any CPU.Build.0 = Debug|Any CPU
		{81DDED9D-158B-E303-5F62-77A2896D2A5A}.Release|Any CPU.ActiveCfg = Release|Any CPU
		{81DDED9D-158B-E303-5F62-77A2896D2A5A}.Release|Any CPU.Build.0 = Release|Any CPU
		{6F1EB4D2-1FCF-4174-80BA-7387DBCE54A2}.Debug|Any CPU.ActiveCfg = Debug|Any CPU
		{6F1EB4D2-1FCF-4174-80BA-7387DBCE54A2}.Debug|Any CPU.Build.0 = Debug|Any CPU
		{6F1EB4D2-1FCF-4174-80BA-7387DBCE54A2}.Release|Any CPU.ActiveCfg = Release|Any CPU
		{6F1EB4D2-1FCF-4174-80BA-7387DBCE54A2}.Release|Any CPU.Build.0 = Release|Any CPU
		{33FC5A32-CDDC-EE43-9CA6-483EA2BFBE99}.Debug|Any CPU.ActiveCfg = Debug|Any CPU
		{33FC5A32-CDDC-EE43-9CA6-483EA2BFBE99}.Debug|Any CPU.Build.0 = Debug|Any CPU
		{33FC5A32-CDDC-EE43-9CA6-483EA2BFBE99}.Release|Any CPU.ActiveCfg = Release|Any CPU
		{33FC5A32-CDDC-EE43-9CA6-483EA2BFBE99}.Release|Any CPU.Build.0 = Release|Any CPU
		{ED41DD25-98B1-4CD1-8FD3-3E4B8FC25390}.Debug|Any CPU.ActiveCfg = Debug|Any CPU
		{ED41DD25-98B1-4CD1-8FD3-3E4B8FC25390}.Debug|Any CPU.Build.0 = Debug|Any CPU
		{ED41DD25-98B1-4CD1-8FD3-3E4B8FC25390}.Release|Any CPU.ActiveCfg = Release|Any CPU
		{ED41DD25-98B1-4CD1-8FD3-3E4B8FC25390}.Release|Any CPU.Build.0 = Release|Any CPU
		{B759A52D-6701-43C1-8633-D5D45D0CB30E}.Debug|Any CPU.ActiveCfg = Debug|Any CPU
		{B759A52D-6701-43C1-8633-D5D45D0CB30E}.Debug|Any CPU.Build.0 = Debug|Any CPU
		{B759A52D-6701-43C1-8633-D5D45D0CB30E}.Release|Any CPU.ActiveCfg = Release|Any CPU
		{B759A52D-6701-43C1-8633-D5D45D0CB30E}.Release|Any CPU.Build.0 = Release|Any CPU
		{F05EF058-6F82-4615-83F8-60C2E81BC67F}.Debug|Any CPU.ActiveCfg = Debug|Any CPU
		{F05EF058-6F82-4615-83F8-60C2E81BC67F}.Debug|Any CPU.Build.0 = Debug|Any CPU
		{F05EF058-6F82-4615-83F8-60C2E81BC67F}.Release|Any CPU.ActiveCfg = Release|Any CPU
		{F05EF058-6F82-4615-83F8-60C2E81BC67F}.Release|Any CPU.Build.0 = Release|Any CPU
		{7D7A2974-AFDC-4690-8697-4027B51F08FC}.Debug|Any CPU.ActiveCfg = Debug|Any CPU
		{7D7A2974-AFDC-4690-8697-4027B51F08FC}.Debug|Any CPU.Build.0 = Debug|Any CPU
		{7D7A2974-AFDC-4690-8697-4027B51F08FC}.Release|Any CPU.ActiveCfg = Release|Any CPU
		{7D7A2974-AFDC-4690-8697-4027B51F08FC}.Release|Any CPU.Build.0 = Release|Any CPU
		{05A84D3E-91E3-40E7-9CB0-C6823ED0B7EC}.Debug|Any CPU.ActiveCfg = Debug|Any CPU
		{05A84D3E-91E3-40E7-9CB0-C6823ED0B7EC}.Debug|Any CPU.Build.0 = Debug|Any CPU
		{05A84D3E-91E3-40E7-9CB0-C6823ED0B7EC}.Release|Any CPU.ActiveCfg = Release|Any CPU
		{05A84D3E-91E3-40E7-9CB0-C6823ED0B7EC}.Release|Any CPU.Build.0 = Release|Any CPU
	EndGlobalSection
	GlobalSection(SolutionProperties) = preSolution
		HideSolutionNode = FALSE
	EndGlobalSection
	GlobalSection(NestedProjects) = preSolution
		{AFC1E579-6DC1-4600-96CA-C4B64B582B5F} = {E0CD7ED1-E0D0-42A0-95A6-BEB2E2047459}
		{5E889F9F-836E-4ADB-9C67-96E4675429D4} = {02EA681E-C7D8-13C7-8484-4AC65E1B71E8}
		{E0CDA0E6-28B0-4373-8C5A-ABF7A837D22C} = {E0CD7ED1-E0D0-42A0-95A6-BEB2E2047459}
		{6F1EB4D2-1FCF-4174-80BA-7387DBCE54A2} = {E0CDA0E6-28B0-4373-8C5A-ABF7A837D22C}
		{33FC5A32-CDDC-EE43-9CA6-483EA2BFBE99} = {AFC1E579-6DC1-4600-96CA-C4B64B582B5F}
		{F0FB7F6F-87AB-40B6-9B26-B95FFCF251D0} = {E0CD7ED1-E0D0-42A0-95A6-BEB2E2047459}
		{ED41DD25-98B1-4CD1-8FD3-3E4B8FC25390} = {F0FB7F6F-87AB-40B6-9B26-B95FFCF251D0}
		{334E2CB2-1157-4D6E-9D77-2CAFF2635C17} = {E0CD7ED1-E0D0-42A0-95A6-BEB2E2047459}
		{B759A52D-6701-43C1-8633-D5D45D0CB30E} = {334E2CB2-1157-4D6E-9D77-2CAFF2635C17}
		{F05EF058-6F82-4615-83F8-60C2E81BC67F} = {334E2CB2-1157-4D6E-9D77-2CAFF2635C17}
		{7D7A2974-AFDC-4690-8697-4027B51F08FC} = {334E2CB2-1157-4D6E-9D77-2CAFF2635C17}
		{05A84D3E-91E3-40E7-9CB0-C6823ED0B7EC} = {334E2CB2-1157-4D6E-9D77-2CAFF2635C17}
	EndGlobalSection
	GlobalSection(ExtensibilityGlobals) = postSolution
		SolutionGuid = {F5810AE0-B9DE-400E-9359-C7456AC50F58}
	EndGlobalSection
EndGlobal
